<Solution>
  <Folder Name="/src/" />
  <Folder Name="/src/Accounts/">
    <Project Path="src/Accounts/BankAccounting.Accounts.csproj" />
  </Folder>
  <Folder Name="/src/BuildingBlocks/">
    <Project Path="src/BuildingBlocks/BankAccounting.BuildingBlocks.csproj" />
  </Folder>
  <Folder Name="/src/Host/">
    <Project Path="src/Host/BankAccounting.Host.csproj" />
  </Folder>
  <Folder Name="/src/Ledger/">
    <Project Path="src/Ledger/BankAccounting.Ledger.csproj" />
  </Folder>
  <Folder Name="/src/Transactions/">
    <Project Path="src/Transactions/BankAccounting.Transactions.csproj" />
  </Folder>
  <Folder Name="/tests/" />
  <Folder Name="/tests/Domain.Tests/">
    <Project Path="tests/Domain.Tests/BankAccounting.Domain.Tests.csproj" />
  </Folder>
</Solution>
